Microsoft Visual Studio Solution File, Format Version 12.00
# Visual Studio 15
VisualStudioVersion = 15.0.26124.0
MinimumVisualStudioVersion = 15.0.26124.0
Project("{9A19103F-16F7-4668-BE54-9A1E7A4F7556}") = "BankApi", "BankApi\BankApi.csproj", "{AE870E4F-75B0-4B77-A4BE-B26CDA1C7DFC}"
EndProject
Project("{FAE04EC0-301F-11D3-BF4B-00C04F79EFBC}") = "DemoApp", "DemoApp\DemoApp.csproj", "{FD4B6096-597F-4CEC-AE67-94FBC1435707}"
EndProject
Project("{FAE04EC0-301F-11D3-BF4B-00C04F79EFBC}") = "BankApiUnitTest", "BankApiUnitTest\BankApiUnitTest.csproj", "{1F46510B-F701-418B-99C7-97A1DE680FF7}"
EndProject
Global
	GlobalSection(SolutionConfigurationPlatforms) = preSolution
		Debug|Any CPU = Debug|Any CPU
		Debug|x64 = Debug|x64
		Debug|x86 = Debug|x86
		Release|Any CPU = Release|Any CPU
		Release|x64 = Release|x64
		Release|x86 = Release|x86
	EndGlobalSection
	GlobalSection(ProjectConfigurationPlatforms) = postSolution
		{AE870E4F-75B0-4B77-A4BE-B26CDA1C7DFC}.Debug|Any CPU.ActiveCfg = Debug|Any CPU
		{AE870E4F-75B0-4B77-A4BE-B26CDA1C7DFC}.Debug|Any CPU.Build.0 = Debug|Any CPU
		{AE870E4F-75B0-4B77-A4BE-B26CDA1C7DFC}.Debug|x64.ActiveCfg = Debug|Any CPU
		{AE870E4F-75B0-4B77-A4BE-B26CDA1C7DFC}.Debug|x64.Build.0 = Debug|Any CPU
		{AE870E4F-75B0-4B77-A4BE-B26CDA1C7DFC}.Debug|x86.ActiveCfg = Debug|Any CPU
		{AE870E4F-75B0-4B77-A4BE-B26CDA1C7DFC}.Debug|x86.Build.0 = Debug|Any CPU
		{AE870E4F-75B0-4B77-A4BE-B26CDA1C7DFC}.Release|Any CPU.ActiveCfg = Release|Any CPU
		{AE870E4F-75B0-4B77-A4BE-B26CDA1C7DFC}.Release|Any CPU.Build.0 = Release|Any CPU
		{AE870E4F-75B0-4B77-A4BE-B26CDA1C7DFC}.Release|x64.ActiveCfg = Release|Any CPU
		{AE870E4F-75B0-4B77-A4BE-B26CDA1C7DFC}.Release|x64.Build.0 = Release|Any CPU
		{AE870E4F-75B0-4B77-A4BE-B26CDA1C7DFC}.Release|x86.ActiveCfg = Release|Any CPU
		{AE870E4F-75B0-4B77-A4BE-B26CDA1C7DFC}.Release|x86.Build.0 = Release|Any CPU
		{FD4B6096-597F-4CEC-AE67-94FBC1435707}.Debug|Any CPU.ActiveCfg = Debug|Any CPU
		{FD4B6096-597F-4CEC-AE67-94FBC1435707}.Debug|Any CPU.Build.0 = Debug|Any CPU
		{FD4B6096-597F-4CEC-AE67-94FBC1435707}.Debug|x64.ActiveCfg = Debug|Any CPU
		{FD4B6096-597F-4CEC-AE67-94FBC1435707}.Debug|x64.Build.0 = Debug|Any CPU
		{FD4B6096-597F-4CEC-AE67-94FBC1435707}.Debug|x86.ActiveCfg = Debug|Any CPU
		{FD4B6096-597F-4CEC-AE67-94FBC1435707}.Debug|x86.Build.0 = Debug|Any CPU
		{FD4B6096-597F-4CEC-AE67-94FBC1435707}.Release|Any CPU.ActiveCfg = Release|Any CPU
		{FD4B6096-597F-4CEC-AE67-94FBC1435707}.Release|Any CPU.Build.0 = Release|Any CPU
		{FD4B6096-597F-4CEC-AE67-94FBC1435707}.Release|x64.ActiveCfg = Release|Any CPU
		{FD4B6096-597F-4CEC-AE67-94FBC1435707}.Release|x64.Build.0 = Release|Any CPU
		{FD4B6096-597F-4CEC-AE67-94FBC1435707}.Release|x86.ActiveCfg = Release|Any CPU
		{FD4B6096-597F-4CEC-AE67-94FBC1435707}.Release|x86.Build.0 = Release|Any CPU
		{1F46510B-F701-418B-99C7-97A1DE680FF7}.Debug|Any CPU.ActiveCfg = Debug|Any CPU
		{1F46510B-F701-418B-99C7-97A1DE680FF7}.Debug|Any CPU.Build.0 = Debug|Any CPU
		{1F46510B-F701-418B-99C7-97A1DE680FF7}.Debug|x64.ActiveCfg = Debug|Any CPU
		{1F46510B-F701-418B-99C7-97A1DE680FF7}.Debug|x64.Build.0 = Debug|Any CPU
		{1F46510B-F701-418B-99C7-97A1DE680FF7}.Debug|x86.ActiveCfg = Debug|Any CPU
		{1F46510B-F701-418B-99C7-97A1DE680FF7}.Debug|x86.Build.0 = Debug|Any CPU
		{1F46510B-F701-418B-99C7-97A1DE680FF7}.Release|Any CPU.ActiveCfg = Release|Any CPU
		{1F46510B-F701-418B-99C7-97A1DE680FF7}.Release|Any CPU.Build.0 = Release|Any CPU
		{1F46510B-F701-418B-99C7-97A1DE680FF7}.Release|x64.ActiveCfg = Release|Any CPU
		{1F46510B-F701-418B-99C7-97A1DE680FF7}.Release|x64.Build.0 = Release|Any CPU
		{1F46510B-F701-418B-99C7-97A1DE680FF7}.Release|x86.ActiveCfg = Release|Any CPU
		{1F46510B-F701-418B-99C7-97A1DE680FF7}.Release|x86.Build.0 = Release|Any CPU
	EndGlobalSection
	GlobalSection(SolutionProperties) = preSolution
		HideSolutionNode = FALSE
	EndGlobalSection
	GlobalSection(ExtensibilityGlobals) = postSolution
		SolutionGuid = {45712FE3-E1C6-4621-A754-4C9CA18FDFFF}
	EndGlobalSection
EndGlobal
